
Microsoft Visual Studio Solution File, Format Version 12.00
# Visual Studio Version 17
VisualStudioVersion = 17.11.35208.52
MinimumVisualStudioVersion = 10.0.40219.1
Project("{FAE04EC0-301F-11D3-BF4B-00C04F79EFBC}") = "FileSystem", "FileSystem\FileSystem.csproj", "{EC558514-A080-4A57-B6C0-693794D0F0F6}"
EndProject
Project("{FAE04EC0-301F-11D3-BF4B-00C04F79EFBC}") = "AbstractionAndEncapsulation", "AbstractionAndEncapsulation\AbstractionAndEncapsulation.csproj", "{0A3D7DAA-7362-4376-BA86-F1BB50E5646A}"
EndProject
Project("{FAE04EC0-301F-11D3-BF4B-00C04F79EFBC}") = "Polymrphism", "Polymrphism\Polymrphism.csproj", "{B11D2D24-9010-4BE0-BEC5-AFB7A9BCD23C}"
EndProject
Global
	GlobalSection(SolutionConfigurationPlatforms) = preSolution
		Debug|Any CPU = Debug|Any CPU
		Release|Any CPU = Release|Any CPU
	EndGlobalSection
	GlobalSection(ProjectConfigurationPlatforms) = postSolution
		{EC558514-A080-4A57-B6C0-693794D0F0F6}.Debug|Any CPU.ActiveCfg = Debug|Any CPU
		{EC558514-A080-4A57-B6C0-693794D0F0F6}.Debug|Any CPU.Build.0 = Debug|Any CPU
		{EC558514-A080-4A57-B6C0-693794D0F0F6}.Release|Any CPU.ActiveCfg = Release|Any CPU
		{EC558514-A080-4A57-B6C0-693794D0F0F6}.Release|Any CPU.Build.0 = Release|Any CPU
		{0A3D7DAA-7362-4376-BA86-F1BB50E5646A}.Debug|Any CPU.ActiveCfg = Debug|Any CPU
		{0A3D7DAA-7362-4376-BA86-F1BB50E5646A}.Debug|Any CPU.Build.0 = Debug|Any CPU
		{0A3D7DAA-7362-4376-BA86-F1BB50E5646A}.Release|Any CPU.ActiveCfg = Release|Any CPU
		{0A3D7DAA-7362-4376-BA86-F1BB50E5646A}.Release|Any CPU.Build.0 = Release|Any CPU
		{B11D2D24-9010-4BE0-BEC5-AFB7A9BCD23C}.Debug|Any CPU.ActiveCfg = Debug|Any CPU
		{B11D2D24-9010-4BE0-BEC5-AFB7A9BCD23C}.Debug|Any CPU.Build.0 = Debug|Any CPU
		{B11D2D24-9010-4BE0-BEC5-AFB7A9BCD23C}.Release|Any CPU.ActiveCfg = Release|Any CPU
		{B11D2D24-9010-4BE0-BEC5-AFB7A9BCD23C}.Release|Any CPU.Build.0 = Release|Any CPU
	EndGlobalSection
	GlobalSection(SolutionProperties) = preSolution
		HideSolutionNode = FALSE
	EndGlobalSection
	GlobalSection(ExtensibilityGlobals) = postSolution
		SolutionGuid = {5AC75634-6404-465D-AFCA-FFDAE27B4C43}
	EndGlobalSection
EndGlobal
